
Microsoft Visual Studio Solution File, Format Version 12.00
# Visual Studio Version 17
VisualStudioVersion = 17.0.31903.59
MinimumVisualStudioVersion = 10.0.40219.1
Project("{FAE04EC0-301F-11D3-BF4B-00C04F79EFBC}") = "MyFirstCI.Api", "MyFirstCI.Api\MyFirstCI.Api.csproj", "{C0A1E870-C07C-4E12-A67D-BDB552AFCB48}"
EndProject
Project("{FAE04EC0-301F-11D3-BF4B-00C04F79EFBC}") = "MyFirstCI.Tests", "MyFirstCI.Tests\MyFirstCI.Tests.csproj", "{E8519849-4D54-4524-B2B6-A1E91915CD5E}"
EndProject
Global
	GlobalSection(SolutionConfigurationPlatforms) = preSolution
		Debug|Any CPU = Debug|Any CPU
		Debug|x64 = Debug|x64
		Debug|x86 = Debug|x86
		Release|Any CPU = Release|Any CPU
		Release|x64 = Release|x64
		Release|x86 = Release|x86
	EndGlobalSection
	GlobalSection(ProjectConfigurationPlatforms) = postSolution
		{C0A1E870-C07C-4E12-A67D-BDB552AFCB48}.Debug|Any CPU.ActiveCfg = Debug|Any CPU
		{C0A1E870-C07C-4E12-A67D-BDB552AFCB48}.Debug|Any CPU.Build.0 = Debug|Any CPU
		{C0A1E870-C07C-4E12-A67D-BDB552AFCB48}.Debug|x64.ActiveCfg = Debug|Any CPU
		{C0A1E870-C07C-4E12-A67D-BDB552AFCB48}.Debug|x64.Build.0 = Debug|Any CPU
		{C0A1E870-C07C-4E12-A67D-BDB552AFCB48}.Debug|x86.ActiveCfg = Debug|Any CPU
		{C0A1E870-C07C-4E12-A67D-BDB552AFCB48}.Debug|x86.Build.0 = Debug|Any CPU
		{C0A1E870-C07C-4E12-A67D-BDB552AFCB48}.Release|Any CPU.ActiveCfg = Release|Any CPU
		{C0A1E870-C07C-4E12-A67D-BDB552AFCB48}.Release|Any CPU.Build.0 = Release|Any CPU
		{C0A1E870-C07C-4E12-A67D-BDB552AFCB48}.Release|x64.ActiveCfg = Release|Any CPU
		{C0A1E870-C07C-4E12-A67D-BDB552AFCB48}.Release|x64.Build.0 = Release|Any CPU
		{C0A1E870-C07C-4E12-A67D-BDB552AFCB48}.Release|x86.ActiveCfg = Release|Any CPU
		{C0A1E870-C07C-4E12-A67D-BDB552AFCB48}.Release|x86.Build.0 = Release|Any CPU
		{E8519849-4D54-4524-B2B6-A1E91915CD5E}.Debug|Any CPU.ActiveCfg = Debug|Any CPU
		{E8519849-4D54-4524-B2B6-A1E91915CD5E}.Debug|Any CPU.Build.0 = Debug|Any CPU
		{E8519849-4D54-4524-B2B6-A1E91915CD5E}.Debug|x64.ActiveCfg = Debug|Any CPU
		{E8519849-4D54-4524-B2B6-A1E91915CD5E}.Debug|x64.Build.0 = Debug|Any CPU
		{E8519849-4D54-4524-B2B6-A1E91915CD5E}.Debug|x86.ActiveCfg = Debug|Any CPU
		{E8519849-4D54-4524-B2B6-A1E91915CD5E}.Debug|x86.Build.0 = Debug|Any CPU
		{E8519849-4D54-4524-B2B6-A1E91915CD5E}.Release|Any CPU.ActiveCfg = Release|Any CPU
		{E8519849-4D54-4524-B2B6-A1E91915CD5E}.Release|Any CPU.Build.0 = Release|Any CPU
		{E8519849-4D54-4524-B2B6-A1E91915CD5E}.Release|x64.ActiveCfg = Release|Any CPU
		{E8519849-4D54-4524-B2B6-A1E91915CD5E}.Release|x64.Build.0 = Release|Any CPU
		{E8519849-4D54-4524-B2B6-A1E91915CD5E}.Release|x86.ActiveCfg = Release|Any CPU
		{E8519849-4D54-4524-B2B6-A1E91915CD5E}.Release|x86.Build.0 = Release|Any CPU
	EndGlobalSection
	GlobalSection(SolutionProperties) = preSolution
		HideSolutionNode = FALSE
	EndGlobalSection
EndGlobal
